
Microsoft Visual Studio Solution File, Format Version 12.00
# Visual Studio 15
Project("{FAE04EC0-301F-11D3-BF4B-00C04F79EFBC}") = "Oculus.Platform", "Oculus.Platform.csproj", "{FF8F1210-B732-52AA-9443-755F3654DE59}"
EndProject
Project("{FAE04EC0-301F-11D3-BF4B-00C04F79EFBC}") = "Assembly-CSharp", "Assembly-CSharp.csproj", "{17024B3F-1522-7590-CD55-359A42C1C563}"
EndProject
Project("{FAE04EC0-301F-11D3-BF4B-00C04F79EFBC}") = "Oculus.Interaction", "Oculus.Interaction.csproj", "{05195498-C1ED-3E0D-08AC-C18D874B2762}"
EndProject
Project("{FAE04EC0-301F-11D3-BF4B-00C04F79EFBC}") = "Assembly-CSharp-firstpass", "Assembly-CSharp-firstpass.csproj", "{5921E5F1-300D-EA62-A65C-8E326D40A8BA}"
EndProject
Project("{FAE04EC0-301F-11D3-BF4B-00C04F79EFBC}") = "Oculus.VR", "Oculus.VR.csproj", "{2AB78072-7184-D169-C965-F4438FCE09E8}"
EndProject
Project("{FAE04EC0-301F-11D3-BF4B-00C04F79EFBC}") = "TechniePhysicsCreator", "TechniePhysicsCreator.csproj", "{04B7AA1E-CCDA-DDF3-D27D-66F3F9EFAE76}"
EndProject
Project("{FAE04EC0-301F-11D3-BF4B-00C04F79EFBC}") = "VoiceSDK.Runtime", "VoiceSDK.Runtime.csproj", "{71A1C777-53B7-E49A-1577-77A7559C5D0C}"
EndProject
Project("{FAE04EC0-301F-11D3-BF4B-00C04F79EFBC}") = "Oculus.Interaction.Samples", "Oculus.Interaction.Samples.csproj", "{F57F891B-ED51-A5F6-8BFC-C2C5FA8E0C29}"
EndProject
Project("{FAE04EC0-301F-11D3-BF4B-00C04F79EFBC}") = "Facebook.WitAI", "Facebook.WitAI.csproj", "{6CDDB503-A20F-6A5A-4B90-9B35CB2A6917}"
EndProject
Project("{FAE04EC0-301F-11D3-BF4B-00C04F79EFBC}") = "AssistantCoreSDKRuntime", "AssistantCoreSDKRuntime.csproj", "{21ECDE0E-B851-159A-8FFD-712F498DB9F8}"
EndProject
Project("{FAE04EC0-301F-11D3-BF4B-00C04F79EFBC}") = "Runtime", "Runtime.csproj", "{9CD42F7B-DA3E-4657-8DEA-12E415B40BDB}"
EndProject
Project("{FAE04EC0-301F-11D3-BF4B-00C04F79EFBC}") = "Oculus.AudioManager", "Oculus.AudioManager.csproj", "{361A9AFF-D949-3135-FFB6-0F0315E6E877}"
EndProject
Project("{FAE04EC0-301F-11D3-BF4B-00C04F79EFBC}") = "Oculus.LipSync", "Oculus.LipSync.csproj", "{74057669-3B4A-2B30-A455-400C0C205403}"
EndProject
Project("{FAE04EC0-301F-11D3-BF4B-00C04F79EFBC}") = "Oculus.Spatializer", "Oculus.Spatializer.csproj", "{FE934642-B9BC-A50B-9122-6B6FE24417D1}"
EndProject
Project("{FAE04EC0-301F-11D3-BF4B-00C04F79EFBC}") = "Assembly-CSharp-Editor-firstpass", "Assembly-CSharp-Editor-firstpass.csproj", "{2D1E2B64-F990-E747-6722-412DEBBA73E2}"
EndProject
Project("{FAE04EC0-301F-11D3-BF4B-00C04F79EFBC}") = "Oculus.Interaction.Editor", "Oculus.Interaction.Editor.csproj", "{C7D85CEE-A06A-CE75-1DB3-3AC1375C1EB1}"
EndProject
Project("{FAE04EC0-301F-11D3-BF4B-00C04F79EFBC}") = "Assembly-CSharp-Editor", "Assembly-CSharp-Editor.csproj", "{5B5EB0F8-DA18-4B38-742A-58BDE44C2F55}"
EndProject
Project("{FAE04EC0-301F-11D3-BF4B-00C04F79EFBC}") = "Facebook.Wit.Editor", "Facebook.Wit.Editor.csproj", "{73002D90-81A0-0C29-F443-93F8AD9A4103}"
EndProject
Project("{FAE04EC0-301F-11D3-BF4B-00C04F79EFBC}") = "Oculus.Platform.Editor", "Oculus.Platform.Editor.csproj", "{C1A83210-B3A0-6E73-7E1E-115EB9DE7024}"
EndProject
Project("{FAE04EC0-301F-11D3-BF4B-00C04F79EFBC}") = "VoiceSDK.Editor", "VoiceSDK.Editor.csproj", "{78019C60-9937-733F-E8CA-4201AAFD4BA8}"
EndProject
Project("{FAE04EC0-301F-11D3-BF4B-00C04F79EFBC}") = "TechniePhysicsCreatorEditor", "TechniePhysicsCreatorEditor.csproj", "{B8DDEF99-5996-20CF-BC19-462F0C292BCA}"
EndProject
Project("{FAE04EC0-301F-11D3-BF4B-00C04F79EFBC}") = "Oculus.AudioManager.Audio.Editor", "Oculus.AudioManager.Audio.Editor.csproj", "{41D9021D-52BA-A38B-A8F0-98CD94FAF2A0}"
EndProject
Project("{FAE04EC0-301F-11D3-BF4B-00C04F79EFBC}") = "Oculus.VR.Scripts.Editor", "Oculus.VR.Scripts.Editor.csproj", "{72E0209F-F5FF-B243-A316-D39A358FD973}"
EndProject
Project("{FAE04EC0-301F-11D3-BF4B-00C04F79EFBC}") = "UMotionSourceEditor", "UMotionSourceEditor.csproj", "{C2166F20-66DA-B405-8D62-39F2A8A3A558}"
EndProject
Project("{FAE04EC0-301F-11D3-BF4B-00C04F79EFBC}") = "UMotionSourceApplication", "UMotionSourceApplication.csproj", "{6D266F61-8F2A-D819-0F7C-8427B33E4738}"
EndProject
Project("{FAE04EC0-301F-11D3-BF4B-00C04F79EFBC}") = "Oculus.VR.Editor", "Oculus.VR.Editor.csproj", "{F90AA68C-C196-3DBA-848D-69D70DA98AF7}"
EndProject
Project("{FAE04EC0-301F-11D3-BF4B-00C04F79EFBC}") = "Oculus.LipSync.Editor", "Oculus.LipSync.Editor.csproj", "{7B8A99F1-EABC-6268-9581-C9C74B35F48C}"
EndProject
Project("{FAE04EC0-301F-11D3-BF4B-00C04F79EFBC}") = "Oculus.AudioManager.Utils.Editor", "Oculus.AudioManager.Utils.Editor.csproj", "{A1DCEF8E-F61D-09BC-284F-212443FA3596}"
EndProject
Project("{FAE04EC0-301F-11D3-BF4B-00C04F79EFBC}") = "Oculus.Spatializer.Editor", "Oculus.Spatializer.Editor.csproj", "{DD79401B-CE74-1D07-8760-4B853B1FEAC1}"
EndProject
Project("{FAE04EC0-301F-11D3-BF4B-00C04F79EFBC}") = "Oculus.Interaction.InterfaceSupport", "Oculus.Interaction.InterfaceSupport.csproj", "{A5DB1217-D346-C4AC-C6D2-578950B008A3}"
EndProject
Project("{FAE04EC0-301F-11D3-BF4B-00C04F79EFBC}") = "AssistantCoreSDKEditor", "AssistantCoreSDKEditor.csproj", "{D9F32E7D-2B52-2203-FB1B-3AC40AFA394B}"
EndProject
Global
	GlobalSection(SolutionConfigurationPlatforms) = preSolution
		Debug|Any CPU = Debug|Any CPU
		Release|Any CPU = Release|Any CPU
	EndGlobalSection
	GlobalSection(ProjectConfigurationPlatforms) = postSolution
		{FF8F1210-B732-52AA-9443-755F3654DE59}.Debug|Any CPU.ActiveCfg = Debug|Any CPU
		{FF8F1210-B732-52AA-9443-755F3654DE59}.Debug|Any CPU.Build.0 = Debug|Any CPU
		{FF8F1210-B732-52AA-9443-755F3654DE59}.Release|Any CPU.ActiveCfg = Release|Any CPU
		{FF8F1210-B732-52AA-9443-755F3654DE59}.Release|Any CPU.Build.0 = Release|Any CPU
		{17024B3F-1522-7590-CD55-359A42C1C563}.Debug|Any CPU.ActiveCfg = Debug|Any CPU
		{17024B3F-1522-7590-CD55-359A42C1C563}.Debug|Any CPU.Build.0 = Debug|Any CPU
		{17024B3F-1522-7590-CD55-359A42C1C563}.Release|Any CPU.ActiveCfg = Release|Any CPU
		{17024B3F-1522-7590-CD55-359A42C1C563}.Release|Any CPU.Build.0 = Release|Any CPU
		{05195498-C1ED-3E0D-08AC-C18D874B2762}.Debug|Any CPU.ActiveCfg = Debug|Any CPU
		{05195498-C1ED-3E0D-08AC-C18D874B2762}.Debug|Any CPU.Build.0 = Debug|Any CPU
		{05195498-C1ED-3E0D-08AC-C18D874B2762}.Release|Any CPU.ActiveCfg = Release|Any CPU
		{05195498-C1ED-3E0D-08AC-C18D874B2762}.Release|Any CPU.Build.0 = Release|Any CPU
		{5921E5F1-300D-EA62-A65C-8E326D40A8BA}.Debug|Any CPU.ActiveCfg = Debug|Any CPU
		{5921E5F1-300D-EA62-A65C-8E326D40A8BA}.Debug|Any CPU.Build.0 = Debug|Any CPU
		{5921E5F1-300D-EA62-A65C-8E326D40A8BA}.Release|Any CPU.ActiveCfg = Release|Any CPU
		{5921E5F1-300D-EA62-A65C-8E326D40A8BA}.Release|Any CPU.Build.0 = Release|Any CPU
		{2AB78072-7184-D169-C965-F4438FCE09E8}.Debug|Any CPU.ActiveCfg = Debug|Any CPU
		{2AB78072-7184-D169-C965-F4438FCE09E8}.Debug|Any CPU.Build.0 = Debug|Any CPU
		{2AB78072-7184-D169-C965-F4438FCE09E8}.Release|Any CPU.ActiveCfg = Release|Any CPU
		{2AB78072-7184-D169-C965-F4438FCE09E8}.Release|Any CPU.Build.0 = Release|Any CPU
		{04B7AA1E-CCDA-DDF3-D27D-66F3F9EFAE76}.Debug|Any CPU.ActiveCfg = Debug|Any CPU
		{04B7AA1E-CCDA-DDF3-D27D-66F3F9EFAE76}.Debug|Any CPU.Build.0 = Debug|Any CPU
		{04B7AA1E-CCDA-DDF3-D27D-66F3F9EFAE76}.Release|Any CPU.ActiveCfg = Release|Any CPU
		{04B7AA1E-CCDA-DDF3-D27D-66F3F9EFAE76}.Release|Any CPU.Build.0 = Release|Any CPU
		{71A1C777-53B7-E49A-1577-77A7559C5D0C}.Debug|Any CPU.ActiveCfg = Debug|Any CPU
		{71A1C777-53B7-E49A-1577-77A7559C5D0C}.Debug|Any CPU.Build.0 = Debug|Any CPU
		{71A1C777-53B7-E49A-1577-77A7559C5D0C}.Release|Any CPU.ActiveCfg = Release|Any CPU
		{71A1C777-53B7-E49A-1577-77A7559C5D0C}.Release|Any CPU.Build.0 = Release|Any CPU
		{F57F891B-ED51-A5F6-8BFC-C2C5FA8E0C29}.Debug|Any CPU.ActiveCfg = Debug|Any CPU
		{F57F891B-ED51-A5F6-8BFC-C2C5FA8E0C29}.Debug|Any CPU.Build.0 = Debug|Any CPU
		{F57F891B-ED51-A5F6-8BFC-C2C5FA8E0C29}.Release|Any CPU.ActiveCfg = Release|Any CPU
		{F57F891B-ED51-A5F6-8BFC-C2C5FA8E0C29}.Release|Any CPU.Build.0 = Release|Any CPU
		{6CDDB503-A20F-6A5A-4B90-9B35CB2A6917}.Debug|Any CPU.ActiveCfg = Debug|Any CPU
		{6CDDB503-A20F-6A5A-4B90-9B35CB2A6917}.Debug|Any CPU.Build.0 = Debug|Any CPU
		{6CDDB503-A20F-6A5A-4B90-9B35CB2A6917}.Release|Any CPU.ActiveCfg = Release|Any CPU
		{6CDDB503-A20F-6A5A-4B90-9B35CB2A6917}.Release|Any CPU.Build.0 = Release|Any CPU
		{21ECDE0E-B851-159A-8FFD-712F498DB9F8}.Debug|Any CPU.ActiveCfg = Debug|Any CPU
		{21ECDE0E-B851-159A-8FFD-712F498DB9F8}.Debug|Any CPU.Build.0 = Debug|Any CPU
		{21ECDE0E-B851-159A-8FFD-712F498DB9F8}.Release|Any CPU.ActiveCfg = Release|Any CPU
		{21ECDE0E-B851-159A-8FFD-712F498DB9F8}.Release|Any CPU.Build.0 = Release|Any CPU
		{9CD42F7B-DA3E-4657-8DEA-12E415B40BDB}.Debug|Any CPU.ActiveCfg = Debug|Any CPU
		{9CD42F7B-DA3E-4657-8DEA-12E415B40BDB}.Debug|Any CPU.Build.0 = Debug|Any CPU
		{9CD42F7B-DA3E-4657-8DEA-12E415B40BDB}.Release|Any CPU.ActiveCfg = Release|Any CPU
		{9CD42F7B-DA3E-4657-8DEA-12E415B40BDB}.Release|Any CPU.Build.0 = Release|Any CPU
		{361A9AFF-D949-3135-FFB6-0F0315E6E877}.Debug|Any CPU.ActiveCfg = Debug|Any CPU
		{361A9AFF-D949-3135-FFB6-0F0315E6E877}.Debug|Any CPU.Build.0 = Debug|Any CPU
		{361A9AFF-D949-3135-FFB6-0F0315E6E877}.Release|Any CPU.ActiveCfg = Release|Any CPU
		{361A9AFF-D949-3135-FFB6-0F0315E6E877}.Release|Any CPU.Build.0 = Release|Any CPU
		{74057669-3B4A-2B30-A455-400C0C205403}.Debug|Any CPU.ActiveCfg = Debug|Any CPU
		{74057669-3B4A-2B30-A455-400C0C205403}.Debug|Any CPU.Build.0 = Debug|Any CPU
		{74057669-3B4A-2B30-A455-400C0C205403}.Release|Any CPU.ActiveCfg = Release|Any CPU
		{74057669-3B4A-2B30-A455-400C0C205403}.Release|Any CPU.Build.0 = Release|Any CPU
		{FE934642-B9BC-A50B-9122-6B6FE24417D1}.Debug|Any CPU.ActiveCfg = Debug|Any CPU
		{FE934642-B9BC-A50B-9122-6B6FE24417D1}.Debug|Any CPU.Build.0 = Debug|Any CPU
		{FE934642-B9BC-A50B-9122-6B6FE24417D1}.Release|Any CPU.ActiveCfg = Release|Any CPU
		{FE934642-B9BC-A50B-9122-6B6FE24417D1}.Release|Any CPU.Build.0 = Release|Any CPU
		{2D1E2B64-F990-E747-6722-412DEBBA73E2}.Debug|Any CPU.ActiveCfg = Debug|Any CPU
		{2D1E2B64-F990-E747-6722-412DEBBA73E2}.Debug|Any CPU.Build.0 = Debug|Any CPU
		{2D1E2B64-F990-E747-6722-412DEBBA73E2}.Release|Any CPU.ActiveCfg = Release|Any CPU
		{2D1E2B64-F990-E747-6722-412DEBBA73E2}.Release|Any CPU.Build.0 = Release|Any CPU
		{C7D85CEE-A06A-CE75-1DB3-3AC1375C1EB1}.Debug|Any CPU.ActiveCfg = Debug|Any CPU
		{C7D85CEE-A06A-CE75-1DB3-3AC1375C1EB1}.Debug|Any CPU.Build.0 = Debug|Any CPU
		{C7D85CEE-A06A-CE75-1DB3-3AC1375C1EB1}.Release|Any CPU.ActiveCfg = Release|Any CPU
		{C7D85CEE-A06A-CE75-1DB3-3AC1375C1EB1}.Release|Any CPU.Build.0 = Release|Any CPU
		{5B5EB0F8-DA18-4B38-742A-58BDE44C2F55}.Debug|Any CPU.ActiveCfg = Debug|Any CPU
		{5B5EB0F8-DA18-4B38-742A-58BDE44C2F55}.Debug|Any CPU.Build.0 = Debug|Any CPU
		{5B5EB0F8-DA18-4B38-742A-58BDE44C2F55}.Release|Any CPU.ActiveCfg = Release|Any CPU
		{5B5EB0F8-DA18-4B38-742A-58BDE44C2F55}.Release|Any CPU.Build.0 = Release|Any CPU
		{73002D90-81A0-0C29-F443-93F8AD9A4103}.Debug|Any CPU.ActiveCfg = Debug|Any CPU
		{73002D90-81A0-0C29-F443-93F8AD9A4103}.Debug|Any CPU.Build.0 = Debug|Any CPU
		{73002D90-81A0-0C29-F443-93F8AD9A4103}.Release|Any CPU.ActiveCfg = Release|Any CPU
		{73002D90-81A0-0C29-F443-93F8AD9A4103}.Release|Any CPU.Build.0 = Release|Any CPU
		{C1A83210-B3A0-6E73-7E1E-115EB9DE7024}.Debug|Any CPU.ActiveCfg = Debug|Any CPU
		{C1A83210-B3A0-6E73-7E1E-115EB9DE7024}.Debug|Any CPU.Build.0 = Debug|Any CPU
		{C1A83210-B3A0-6E73-7E1E-115EB9DE7024}.Release|Any CPU.ActiveCfg = Release|Any CPU
		{C1A83210-B3A0-6E73-7E1E-115EB9DE7024}.Release|Any CPU.Build.0 = Release|Any CPU
		{78019C60-9937-733F-E8CA-4201AAFD4BA8}.Debug|Any CPU.ActiveCfg = Debug|Any CPU
		{78019C60-9937-733F-E8CA-4201AAFD4BA8}.Debug|Any CPU.Build.0 = Debug|Any CPU
		{78019C60-9937-733F-E8CA-4201AAFD4BA8}.Release|Any CPU.ActiveCfg = Release|Any CPU
		{78019C60-9937-733F-E8CA-4201AAFD4BA8}.Release|Any CPU.Build.0 = Release|Any CPU
		{B8DDEF99-5996-20CF-BC19-462F0C292BCA}.Debug|Any CPU.ActiveCfg = Debug|Any CPU
		{B8DDEF99-5996-20CF-BC19-462F0C292BCA}.Debug|Any CPU.Build.0 = Debug|Any CPU
		{B8DDEF99-5996-20CF-BC19-462F0C292BCA}.Release|Any CPU.ActiveCfg = Release|Any CPU
		{B8DDEF99-5996-20CF-BC19-462F0C292BCA}.Release|Any CPU.Build.0 = Release|Any CPU
		{41D9021D-52BA-A38B-A8F0-98CD94FAF2A0}.Debug|Any CPU.ActiveCfg = Debug|Any CPU
		{41D9021D-52BA-A38B-A8F0-98CD94FAF2A0}.Debug|Any CPU.Build.0 = Debug|Any CPU
		{41D9021D-52BA-A38B-A8F0-98CD94FAF2A0}.Release|Any CPU.ActiveCfg = Release|Any CPU
		{41D9021D-52BA-A38B-A8F0-98CD94FAF2A0}.Release|Any CPU.Build.0 = Release|Any CPU
		{72E0209F-F5FF-B243-A316-D39A358FD973}.Debug|Any CPU.ActiveCfg = Debug|Any CPU
		{72E0209F-F5FF-B243-A316-D39A358FD973}.Debug|Any CPU.Build.0 = Debug|Any CPU
		{72E0209F-F5FF-B243-A316-D39A358FD973}.Release|Any CPU.ActiveCfg = Release|Any CPU
		{72E0209F-F5FF-B243-A316-D39A358FD973}.Release|Any CPU.Build.0 = Release|Any CPU
		{C2166F20-66DA-B405-8D62-39F2A8A3A558}.Debug|Any CPU.ActiveCfg = Debug|Any CPU
		{C2166F20-66DA-B405-8D62-39F2A8A3A558}.Debug|Any CPU.Build.0 = Debug|Any CPU
		{C2166F20-66DA-B405-8D62-39F2A8A3A558}.Release|Any CPU.ActiveCfg = Release|Any CPU
		{C2166F20-66DA-B405-8D62-39F2A8A3A558}.Release|Any CPU.Build.0 = Release|Any CPU
		{6D266F61-8F2A-D819-0F7C-8427B33E4738}.Debug|Any CPU.ActiveCfg = Debug|Any CPU
		{6D266F61-8F2A-D819-0F7C-8427B33E4738}.Debug|Any CPU.Build.0 = Debug|Any CPU
		{6D266F61-8F2A-D819-0F7C-8427B33E4738}.Release|Any CPU.ActiveCfg = Release|Any CPU
		{6D266F61-8F2A-D819-0F7C-8427B33E4738}.Release|Any CPU.Build.0 = Release|Any CPU
		{F90AA68C-C196-3DBA-848D-69D70DA98AF7}.Debug|Any CPU.ActiveCfg = Debug|Any CPU
		{F90AA68C-C196-3DBA-848D-69D70DA98AF7}.Debug|Any CPU.Build.0 = Debug|Any CPU
		{F90AA68C-C196-3DBA-848D-69D70DA98AF7}.Release|Any CPU.ActiveCfg = Release|Any CPU
		{F90AA68C-C196-3DBA-848D-69D70DA98AF7}.Release|Any CPU.Build.0 = Release|Any CPU
		{7B8A99F1-EABC-6268-9581-C9C74B35F48C}.Debug|Any CPU.ActiveCfg = Debug|Any CPU
		{7B8A99F1-EABC-6268-9581-C9C74B35F48C}.Debug|Any CPU.Build.0 = Debug|Any CPU
		{7B8A99F1-EABC-6268-9581-C9C74B35F48C}.Release|Any CPU.ActiveCfg = Release|Any CPU
		{7B8A99F1-EABC-6268-9581-C9C74B35F48C}.Release|Any CPU.Build.0 = Release|Any CPU
		{A1DCEF8E-F61D-09BC-284F-212443FA3596}.Debug|Any CPU.ActiveCfg = Debug|Any CPU
		{A1DCEF8E-F61D-09BC-284F-212443FA3596}.Debug|Any CPU.Build.0 = Debug|Any CPU
		{A1DCEF8E-F61D-09BC-284F-212443FA3596}.Release|Any CPU.ActiveCfg = Release|Any CPU
		{A1DCEF8E-F61D-09BC-284F-212443FA3596}.Release|Any CPU.Build.0 = Release|Any CPU
		{DD79401B-CE74-1D07-8760-4B853B1FEAC1}.Debug|Any CPU.ActiveCfg = Debug|Any CPU
		{DD79401B-CE74-1D07-8760-4B853B1FEAC1}.Debug|Any CPU.Build.0 = Debug|Any CPU
		{DD79401B-CE74-1D07-8760-4B853B1FEAC1}.Release|Any CPU.ActiveCfg = Release|Any CPU
		{DD79401B-CE74-1D07-8760-4B853B1FEAC1}.Release|Any CPU.Build.0 = Release|Any CPU
		{A5DB1217-D346-C4AC-C6D2-578950B008A3}.Debug|Any CPU.ActiveCfg = Debug|Any CPU
		{A5DB1217-D346-C4AC-C6D2-578950B008A3}.Debug|Any CPU.Build.0 = Debug|Any CPU
		{A5DB1217-D346-C4AC-C6D2-578950B008A3}.Release|Any CPU.ActiveCfg = Release|Any CPU
		{A5DB1217-D346-C4AC-C6D2-578950B008A3}.Release|Any CPU.Build.0 = Release|Any CPU
		{D9F32E7D-2B52-2203-FB1B-3AC40AFA394B}.Debug|Any CPU.ActiveCfg = Debug|Any CPU
		{D9F32E7D-2B52-2203-FB1B-3AC40AFA394B}.Debug|Any CPU.Build.0 = Debug|Any CPU
		{D9F32E7D-2B52-2203-FB1B-3AC40AFA394B}.Release|Any CPU.ActiveCfg = Release|Any CPU
		{D9F32E7D-2B52-2203-FB1B-3AC40AFA394B}.Release|Any CPU.Build.0 = Release|Any CPU
	EndGlobalSection
	GlobalSection(SolutionProperties) = preSolution
		HideSolutionNode = FALSE
	EndGlobalSection
EndGlobal
