
Microsoft Visual Studio Solution File, Format Version 11.00
# Visual Studio 2010
Project("{FAE04EC0-301F-11D3-BF4B-00C04F79EFBC}") = "Oculus.Platform", "Oculus.Platform.csproj", "{24b5a648-383a-5ab0-0ea3-ef5c1eaa8cbd}"
EndProject
Project("{FAE04EC0-301F-11D3-BF4B-00C04F79EFBC}") = "Assembly-CSharp", "Assembly-CSharp.csproj", "{8bb802d8-7d06-482a-e34d-4e5c13946264}"
EndProject
Project("{FAE04EC0-301F-11D3-BF4B-00C04F79EFBC}") = "Oculus.Interaction", "Oculus.Interaction.csproj", "{7463c2e5-5ddf-bf13-0ea5-2ac003c33c32}"
EndProject
Project("{FAE04EC0-301F-11D3-BF4B-00C04F79EFBC}") = "Assembly-CSharp-firstpass", "Assembly-CSharp-firstpass.csproj", "{7bb97225-1bba-d253-7637-3810029ae27a}"
EndProject
Project("{FAE04EC0-301F-11D3-BF4B-00C04F79EFBC}") = "Oculus.VR", "Oculus.VR.csproj", "{499f3f00-de53-f077-aeed-dfde2ae6d8ba}"
EndProject
Project("{FAE04EC0-301F-11D3-BF4B-00C04F79EFBC}") = "TechniePhysicsCreator", "TechniePhysicsCreator.csproj", "{ba57a454-fe84-c8e2-ab09-2a89d6df10b7}"
EndProject
Project("{FAE04EC0-301F-11D3-BF4B-00C04F79EFBC}") = "VoiceSDK.Runtime", "VoiceSDK.Runtime.csproj", "{cdaeba8f-78c0-55f5-3637-618d22bc1828}"
EndProject
Project("{FAE04EC0-301F-11D3-BF4B-00C04F79EFBC}") = "Oculus.Interaction.Samples", "Oculus.Interaction.Samples.csproj", "{73e8bf2a-fbc2-608d-376a-2754dab5051c}"
EndProject
Project("{FAE04EC0-301F-11D3-BF4B-00C04F79EFBC}") = "Facebook.WitAI", "Facebook.WitAI.csproj", "{3016e0b7-fc9f-0085-9a73-e2b353c15545}"
EndProject
Project("{FAE04EC0-301F-11D3-BF4B-00C04F79EFBC}") = "AssistantCoreSDKRuntime", "AssistantCoreSDKRuntime.csproj", "{a2456b29-7a45-5a84-1145-add78bb55276}"
EndProject
Project("{FAE04EC0-301F-11D3-BF4B-00C04F79EFBC}") = "Runtime", "Runtime.csproj", "{77bb2715-ad4f-b1a7-0c5a-a71b3bbf6b62}"
EndProject
Project("{FAE04EC0-301F-11D3-BF4B-00C04F79EFBC}") = "Oculus.AudioManager", "Oculus.AudioManager.csproj", "{4355616a-75a0-e123-43fb-35bbec0db8d9}"
EndProject
Project("{FAE04EC0-301F-11D3-BF4B-00C04F79EFBC}") = "Oculus.LipSync", "Oculus.LipSync.csproj", "{52f43637-1815-8ae5-460c-32d85a3bf4fa}"
EndProject
Project("{FAE04EC0-301F-11D3-BF4B-00C04F79EFBC}") = "Oculus.Spatializer", "Oculus.Spatializer.csproj", "{3c11980b-ba4b-ab7f-6bc7-1339c066f6df}"
EndProject
Project("{FAE04EC0-301F-11D3-BF4B-00C04F79EFBC}") = "Assembly-CSharp-Editor-firstpass", "Assembly-CSharp-Editor-firstpass.csproj", "{7584627c-43a7-db4d-f6f2-5670c8b78b4b}"
EndProject
Project("{FAE04EC0-301F-11D3-BF4B-00C04F79EFBC}") = "Oculus.Interaction.Editor", "Oculus.Interaction.Editor.csproj", "{0e491fb7-f169-1d33-3434-561bbca354c6}"
EndProject
Project("{FAE04EC0-301F-11D3-BF4B-00C04F79EFBC}") = "Assembly-CSharp-Editor", "Assembly-CSharp-Editor.csproj", "{c1277908-3393-63ed-f54c-0d3f82518dee}"
EndProject
Project("{FAE04EC0-301F-11D3-BF4B-00C04F79EFBC}") = "Facebook.Wit.Editor", "Facebook.Wit.Editor.csproj", "{3ad0287c-1abd-b1f1-0c7f-1f5cdbb37aa8}"
EndProject
Project("{FAE04EC0-301F-11D3-BF4B-00C04F79EFBC}") = "Oculus.Platform.Editor", "Oculus.Platform.Editor.csproj", "{7f6c6e0e-9589-a0af-e0ff-27e91cd76e27}"
EndProject
Project("{FAE04EC0-301F-11D3-BF4B-00C04F79EFBC}") = "VoiceSDK.Editor", "VoiceSDK.Editor.csproj", "{5aeda919-d323-4cd9-cfdd-a82302f31d3b}"
EndProject
Project("{FAE04EC0-301F-11D3-BF4B-00C04F79EFBC}") = "TechniePhysicsCreatorEditor", "TechniePhysicsCreatorEditor.csproj", "{ce457583-b8e4-2a56-fe7e-cc6d1c8cdc63}"
EndProject
Project("{FAE04EC0-301F-11D3-BF4B-00C04F79EFBC}") = "Oculus.AudioManager.Audio.Editor", "Oculus.AudioManager.Audio.Editor.csproj", "{6b8a51a2-86f2-e487-4f04-f212608c4f33}"
EndProject
Project("{FAE04EC0-301F-11D3-BF4B-00C04F79EFBC}") = "Oculus.VR.Scripts.Editor", "Oculus.VR.Scripts.Editor.csproj", "{6b1d9063-78ef-a2fa-7f3f-0b4e3cc8e351}"
EndProject
Project("{FAE04EC0-301F-11D3-BF4B-00C04F79EFBC}") = "UMotionSourceEditor", "UMotionSourceEditor.csproj", "{af2060be-3ce9-6ef1-d2e8-d80a8e88ca9c}"
EndProject
Project("{FAE04EC0-301F-11D3-BF4B-00C04F79EFBC}") = "UMotionSourceApplication", "UMotionSourceApplication.csproj", "{dffcd289-8c2d-9a59-7e5c-41e0219eb3c7}"
EndProject
Project("{FAE04EC0-301F-11D3-BF4B-00C04F79EFBC}") = "Oculus.VR.Editor", "Oculus.VR.Editor.csproj", "{8b78d9ca-8f5c-1ab0-129d-e94850182979}"
EndProject
Project("{FAE04EC0-301F-11D3-BF4B-00C04F79EFBC}") = "Oculus.LipSync.Editor", "Oculus.LipSync.Editor.csproj", "{b89fa4be-fdd4-e463-876a-545eb6607563}"
EndProject
Project("{FAE04EC0-301F-11D3-BF4B-00C04F79EFBC}") = "Oculus.AudioManager.Utils.Editor", "Oculus.AudioManager.Utils.Editor.csproj", "{d5bc4d07-9ffc-9d1d-3ca3-055910548508}"
EndProject
Project("{FAE04EC0-301F-11D3-BF4B-00C04F79EFBC}") = "Oculus.Spatializer.Editor", "Oculus.Spatializer.Editor.csproj", "{64c3a149-75cd-2eea-4378-066cfa9c00ad}"
EndProject
Project("{FAE04EC0-301F-11D3-BF4B-00C04F79EFBC}") = "Oculus.Interaction.InterfaceSupport", "Oculus.Interaction.InterfaceSupport.csproj", "{79b39488-55f3-8190-a5f6-aa08e7028a5a}"
EndProject
Project("{FAE04EC0-301F-11D3-BF4B-00C04F79EFBC}") = "AssistantCoreSDKEditor", "AssistantCoreSDKEditor.csproj", "{b9014faf-36b4-f452-181a-80772bfa04f4}"
EndProject
Project("{FAE04EC0-301F-11D3-BF4B-00C04F79EFBC}") = "Editor", "Editor.csproj", "{dc4d58d9-8c95-895d-1bd9-d6fcd995eb65}"
EndProject
Global
	GlobalSection(SolutionConfigurationPlatforms) = preSolution
		Debug|Any CPU = Debug|Any CPU
	EndGlobalSection
	GlobalSection(ProjectConfigurationPlatforms) = postSolution
		{24b5a648-383a-5ab0-0ea3-ef5c1eaa8cbd}.Debug|Any CPU.ActiveCfg = Debug|Any CPU
		{24b5a648-383a-5ab0-0ea3-ef5c1eaa8cbd}.Debug|Any CPU.Build.0 = Debug|Any CPU
		{8bb802d8-7d06-482a-e34d-4e5c13946264}.Debug|Any CPU.ActiveCfg = Debug|Any CPU
		{8bb802d8-7d06-482a-e34d-4e5c13946264}.Debug|Any CPU.Build.0 = Debug|Any CPU
		{7463c2e5-5ddf-bf13-0ea5-2ac003c33c32}.Debug|Any CPU.ActiveCfg = Debug|Any CPU
		{7463c2e5-5ddf-bf13-0ea5-2ac003c33c32}.Debug|Any CPU.Build.0 = Debug|Any CPU
		{7bb97225-1bba-d253-7637-3810029ae27a}.Debug|Any CPU.ActiveCfg = Debug|Any CPU
		{7bb97225-1bba-d253-7637-3810029ae27a}.Debug|Any CPU.Build.0 = Debug|Any CPU
		{499f3f00-de53-f077-aeed-dfde2ae6d8ba}.Debug|Any CPU.ActiveCfg = Debug|Any CPU
		{499f3f00-de53-f077-aeed-dfde2ae6d8ba}.Debug|Any CPU.Build.0 = Debug|Any CPU
		{ba57a454-fe84-c8e2-ab09-2a89d6df10b7}.Debug|Any CPU.ActiveCfg = Debug|Any CPU
		{ba57a454-fe84-c8e2-ab09-2a89d6df10b7}.Debug|Any CPU.Build.0 = Debug|Any CPU
		{cdaeba8f-78c0-55f5-3637-618d22bc1828}.Debug|Any CPU.ActiveCfg = Debug|Any CPU
		{cdaeba8f-78c0-55f5-3637-618d22bc1828}.Debug|Any CPU.Build.0 = Debug|Any CPU
		{73e8bf2a-fbc2-608d-376a-2754dab5051c}.Debug|Any CPU.ActiveCfg = Debug|Any CPU
		{73e8bf2a-fbc2-608d-376a-2754dab5051c}.Debug|Any CPU.Build.0 = Debug|Any CPU
		{3016e0b7-fc9f-0085-9a73-e2b353c15545}.Debug|Any CPU.ActiveCfg = Debug|Any CPU
		{3016e0b7-fc9f-0085-9a73-e2b353c15545}.Debug|Any CPU.Build.0 = Debug|Any CPU
		{a2456b29-7a45-5a84-1145-add78bb55276}.Debug|Any CPU.ActiveCfg = Debug|Any CPU
		{a2456b29-7a45-5a84-1145-add78bb55276}.Debug|Any CPU.Build.0 = Debug|Any CPU
		{77bb2715-ad4f-b1a7-0c5a-a71b3bbf6b62}.Debug|Any CPU.ActiveCfg = Debug|Any CPU
		{77bb2715-ad4f-b1a7-0c5a-a71b3bbf6b62}.Debug|Any CPU.Build.0 = Debug|Any CPU
		{4355616a-75a0-e123-43fb-35bbec0db8d9}.Debug|Any CPU.ActiveCfg = Debug|Any CPU
		{4355616a-75a0-e123-43fb-35bbec0db8d9}.Debug|Any CPU.Build.0 = Debug|Any CPU
		{52f43637-1815-8ae5-460c-32d85a3bf4fa}.Debug|Any CPU.ActiveCfg = Debug|Any CPU
		{52f43637-1815-8ae5-460c-32d85a3bf4fa}.Debug|Any CPU.Build.0 = Debug|Any CPU
		{3c11980b-ba4b-ab7f-6bc7-1339c066f6df}.Debug|Any CPU.ActiveCfg = Debug|Any CPU
		{3c11980b-ba4b-ab7f-6bc7-1339c066f6df}.Debug|Any CPU.Build.0 = Debug|Any CPU
		{7584627c-43a7-db4d-f6f2-5670c8b78b4b}.Debug|Any CPU.ActiveCfg = Debug|Any CPU
		{7584627c-43a7-db4d-f6f2-5670c8b78b4b}.Debug|Any CPU.Build.0 = Debug|Any CPU
		{0e491fb7-f169-1d33-3434-561bbca354c6}.Debug|Any CPU.ActiveCfg = Debug|Any CPU
		{0e491fb7-f169-1d33-3434-561bbca354c6}.Debug|Any CPU.Build.0 = Debug|Any CPU
		{c1277908-3393-63ed-f54c-0d3f82518dee}.Debug|Any CPU.ActiveCfg = Debug|Any CPU
		{c1277908-3393-63ed-f54c-0d3f82518dee}.Debug|Any CPU.Build.0 = Debug|Any CPU
		{3ad0287c-1abd-b1f1-0c7f-1f5cdbb37aa8}.Debug|Any CPU.ActiveCfg = Debug|Any CPU
		{3ad0287c-1abd-b1f1-0c7f-1f5cdbb37aa8}.Debug|Any CPU.Build.0 = Debug|Any CPU
		{7f6c6e0e-9589-a0af-e0ff-27e91cd76e27}.Debug|Any CPU.ActiveCfg = Debug|Any CPU
		{7f6c6e0e-9589-a0af-e0ff-27e91cd76e27}.Debug|Any CPU.Build.0 = Debug|Any CPU
		{5aeda919-d323-4cd9-cfdd-a82302f31d3b}.Debug|Any CPU.ActiveCfg = Debug|Any CPU
		{5aeda919-d323-4cd9-cfdd-a82302f31d3b}.Debug|Any CPU.Build.0 = Debug|Any CPU
		{ce457583-b8e4-2a56-fe7e-cc6d1c8cdc63}.Debug|Any CPU.ActiveCfg = Debug|Any CPU
		{ce457583-b8e4-2a56-fe7e-cc6d1c8cdc63}.Debug|Any CPU.Build.0 = Debug|Any CPU
		{6b8a51a2-86f2-e487-4f04-f212608c4f33}.Debug|Any CPU.ActiveCfg = Debug|Any CPU
		{6b8a51a2-86f2-e487-4f04-f212608c4f33}.Debug|Any CPU.Build.0 = Debug|Any CPU
		{6b1d9063-78ef-a2fa-7f3f-0b4e3cc8e351}.Debug|Any CPU.ActiveCfg = Debug|Any CPU
		{6b1d9063-78ef-a2fa-7f3f-0b4e3cc8e351}.Debug|Any CPU.Build.0 = Debug|Any CPU
		{af2060be-3ce9-6ef1-d2e8-d80a8e88ca9c}.Debug|Any CPU.ActiveCfg = Debug|Any CPU
		{af2060be-3ce9-6ef1-d2e8-d80a8e88ca9c}.Debug|Any CPU.Build.0 = Debug|Any CPU
		{dffcd289-8c2d-9a59-7e5c-41e0219eb3c7}.Debug|Any CPU.ActiveCfg = Debug|Any CPU
		{dffcd289-8c2d-9a59-7e5c-41e0219eb3c7}.Debug|Any CPU.Build.0 = Debug|Any CPU
		{8b78d9ca-8f5c-1ab0-129d-e94850182979}.Debug|Any CPU.ActiveCfg = Debug|Any CPU
		{8b78d9ca-8f5c-1ab0-129d-e94850182979}.Debug|Any CPU.Build.0 = Debug|Any CPU
		{b89fa4be-fdd4-e463-876a-545eb6607563}.Debug|Any CPU.ActiveCfg = Debug|Any CPU
		{b89fa4be-fdd4-e463-876a-545eb6607563}.Debug|Any CPU.Build.0 = Debug|Any CPU
		{d5bc4d07-9ffc-9d1d-3ca3-055910548508}.Debug|Any CPU.ActiveCfg = Debug|Any CPU
		{d5bc4d07-9ffc-9d1d-3ca3-055910548508}.Debug|Any CPU.Build.0 = Debug|Any CPU
		{64c3a149-75cd-2eea-4378-066cfa9c00ad}.Debug|Any CPU.ActiveCfg = Debug|Any CPU
		{64c3a149-75cd-2eea-4378-066cfa9c00ad}.Debug|Any CPU.Build.0 = Debug|Any CPU
		{79b39488-55f3-8190-a5f6-aa08e7028a5a}.Debug|Any CPU.ActiveCfg = Debug|Any CPU
		{79b39488-55f3-8190-a5f6-aa08e7028a5a}.Debug|Any CPU.Build.0 = Debug|Any CPU
		{b9014faf-36b4-f452-181a-80772bfa04f4}.Debug|Any CPU.ActiveCfg = Debug|Any CPU
		{b9014faf-36b4-f452-181a-80772bfa04f4}.Debug|Any CPU.Build.0 = Debug|Any CPU
		{dc4d58d9-8c95-895d-1bd9-d6fcd995eb65}.Debug|Any CPU.ActiveCfg = Debug|Any CPU
		{dc4d58d9-8c95-895d-1bd9-d6fcd995eb65}.Debug|Any CPU.Build.0 = Debug|Any CPU
	EndGlobalSection
	GlobalSection(SolutionProperties) = preSolution
		HideSolutionNode = FALSE
	EndGlobalSection
EndGlobal
